// !$*UTF8*$!
{
	archiveVersion = 1;
	classes = {
	};
	objectVersion = 48;
	objects = {

/* Begin PBXBuildFile section */
		43E710DD20562D23007C3D15 /* AppDelegate.m in Sources */ = {isa = PBXBuildFile; fileRef = 43E710DC20562D23007C3D15 /* AppDelegate.m */; };
		43E710DF20562D23007C3D15 /* Assets.xcassets in Resources */ = {isa = PBXBuildFile; fileRef = 43E710DE20562D23007C3D15 /* Assets.xcassets */; };
		43E710E220562D23007C3D15 /* MainMenu.xib in Resources */ = {isa = PBXBuildFile; fileRef = 43E710E020562D23007C3D15 /* MainMenu.xib */; };
		43E710E520562D23007C3D15 /* main.m in Sources */ = {isa = PBXBuildFile; fileRef = 43E710E420562D23007C3D15 /* main.m */; };
		43E710F020562D23007C3D15 /* ExportFileToLoadTests.m in Sources */ = {isa = PBXBuildFile; fileRef = 43E710EF20562D23007C3D15 /* ExportFileToLoadTests.m */; };
		43E7112120562FC1007C3D15 /* ExportContent.m in Sources */ = {isa = PBXBuildFile; fileRef = 43E7112020562FC1007C3D15 /* ExportContent.m */; };
		43E7112520563271007C3D15 /* Foo.m in Sources */ = {isa = PBXBuildFile; fileRef = 43E7112420563271007C3D15 /* Foo.m */; };
		43E711282056329D007C3D15 /* Moo.m in Sources */ = {isa = PBXBuildFile; fileRef = 43E711272056329D007C3D15 /* Moo.m */; };
/* End PBXBuildFile section */

/* Begin PBXContainerItemProxy section */
		43E710EC20562D23007C3D15 /* PBXContainerItemProxy */ = {
			isa = PBXContainerItemProxy;
			containerPortal = 43E710D020562D23007C3D15 /* Project object */;
			proxyType = 1;
			remoteGlobalIDString = 43E710D720562D23007C3D15;
			remoteInfo = ExportFileToLoad;
		};
/* End PBXContainerItemProxy section */

/* Begin PBXFileReference section */
		43E710D820562D23007C3D15 /* ExportFileToLoad.app */ = {isa = PBXFileReference; explicitFileType = wrapper.application; includeInIndex = 0; path = ExportFileToLoad.app; sourceTree = BUILT_PRODUCTS_DIR; };
		43E710DB20562D23007C3D15 /* AppDelegate.h */ = {isa = PBXFileReference; lastKnownFileType = sourcecode.c.h; path = AppDelegate.h; sourceTree = "<group>"; };
		43E710DC20562D23007C3D15 /* AppDelegate.m */ = {isa = PBXFileReference; lastKnownFileType = sourcecode.c.objc; path = AppDelegate.m; sourceTree = "<group>"; };
		43E710DE20562D23007C3D15 /* Assets.xcassets */ = {isa = PBXFileReference; lastKnownFileType = folder.assetcatalog; path = Assets.xcassets; sourceTree = "<group>"; };
		43E710E120562D23007C3D15 /* Base */ = {isa = PBXFileReference; lastKnownFileType = file.xib; name = Base; path = Base.lproj/MainMenu.xib; sourceTree = "<group>"; };
		43E710E320562D23007C3D15 /* Info.plist */ = {isa = PBXFileReference; lastKnownFileType = text.plist.xml; path = Info.plist; sourceTree = "<group>"; };
		43E710E420562D23007C3D15 /* main.m */ = {isa = PBXFileReference; lastKnownFileType = sourcecode.c.objc; path = main.m; sourceTree = "<group>"; };
		43E710E620562D23007C3D15 /* ExportFileToLoad.entitlements */ = {isa = PBXFileReference; lastKnownFileType = text.plist.entitlements; path = ExportFileToLoad.entitlements; sourceTree = "<group>"; };
		43E710EB20562D23007C3D15 /* ExportFileToLoadTests.xctest */ = {isa = PBXFileReference; explicitFileType = wrapper.cfbundle; includeInIndex = 0; path = ExportFileToLoadTests.xctest; sourceTree = BUILT_PRODUCTS_DIR; };
		43E710EF20562D23007C3D15 /* ExportFileToLoadTests.m */ = {isa = PBXFileReference; lastKnownFileType = sourcecode.c.objc; path = ExportFileToLoadTests.m; sourceTree = "<group>"; };
		43E710F120562D23007C3D15 /* Info.plist */ = {isa = PBXFileReference; lastKnownFileType = text.plist.xml; path = Info.plist; sourceTree = "<group>"; };
		43E7111F20562FC1007C3D15 /* ExportContent.h */ = {isa = PBXFileReference; lastKnownFileType = sourcecode.c.h; path = ExportContent.h; sourceTree = "<group>"; };
		43E7112020562FC1007C3D15 /* ExportContent.m */ = {isa = PBXFileReference; lastKnownFileType = sourcecode.c.objc; path = ExportContent.m; sourceTree = "<group>"; };
		43E7112320563271007C3D15 /* Foo.h */ = {isa = PBXFileReference; lastKnownFileType = sourcecode.c.h; path = Foo.h; sourceTree = "<group>"; };
		43E7112420563271007C3D15 /* Foo.m */ = {isa = PBXFileReference; lastKnownFileType = sourcecode.c.objc; path = Foo.m; sourceTree = "<group>"; };
		43E711262056329D007C3D15 /* Moo.h */ = {isa = PBXFileReference; lastKnownFileType = sourcecode.c.h; path = Moo.h; sourceTree = "<group>"; };
		43E711272056329D007C3D15 /* Moo.m */ = {isa = PBXFileReference; lastKnownFileType = sourcecode.c.objc; path = Moo.m; sourceTree = "<group>"; };
/* End PBXFileReference section */

/* Begin PBXFrameworksBuildPhase section */
		43E710D520562D23007C3D15 /* Frameworks */ = {
			isa = PBXFrameworksBuildPhase;
			buildActionMask = 2147483647;
			files = (
			);
			runOnlyForDeploymentPostprocessing = 0;
		};
		43E710E820562D23007C3D15 /* Frameworks */ = {
			isa = PBXFrameworksBuildPhase;
			buildActionMask = 2147483647;
			files = (
			);
			runOnlyForDeploymentPostprocessing = 0;
		};
/* End PBXFrameworksBuildPhase section */

/* Begin PBXGroup section */
		43E710CF20562D23007C3D15 = {
			isa = PBXGroup;
			children = (
				43E710DA20562D23007C3D15 /* ExportFileToLoad */,
				43E710EE20562D23007C3D15 /* ExportFileToLoadTests */,
				43E710D920562D23007C3D15 /* Products */,
			);
			sourceTree = "<group>";
		};
		43E710D920562D23007C3D15 /* Products */ = {
			isa = PBXGroup;
			children = (
				43E710D820562D23007C3D15 /* ExportFileToLoad.app */,
				43E710EB20562D23007C3D15 /* ExportFileToLoadTests.xctest */,
			);
			name = Products;
			sourceTree = "<group>";
		};
		43E710DA20562D23007C3D15 /* ExportFileToLoad */ = {
			isa = PBXGroup;
			children = (
				43E7111E20562F4D007C3D15 /* TSExportContent */,
				43E710DB20562D23007C3D15 /* AppDelegate.h */,
				43E710DC20562D23007C3D15 /* AppDelegate.m */,
				43E710DE20562D23007C3D15 /* Assets.xcassets */,
				43E710E020562D23007C3D15 /* MainMenu.xib */,
				43E710E320562D23007C3D15 /* Info.plist */,
				43E710E420562D23007C3D15 /* main.m */,
				43E710E620562D23007C3D15 /* ExportFileToLoad.entitlements */,
			);
			path = ExportFileToLoad;
			sourceTree = "<group>";
		};
		43E710EE20562D23007C3D15 /* ExportFileToLoadTests */ = {
			isa = PBXGroup;
			children = (
				43E710EF20562D23007C3D15 /* ExportFileToLoadTests.m */,
				43E710F120562D23007C3D15 /* Info.plist */,
			);
			path = ExportFileToLoadTests;
			sourceTree = "<group>";
		};
		43E7111E20562F4D007C3D15 /* TSExportContent */ = {
			isa = PBXGroup;
			children = (
				43E711222056325D007C3D15 /* testModel */,
				43E7111F20562FC1007C3D15 /* ExportContent.h */,
				43E7112020562FC1007C3D15 /* ExportContent.m */,
			);
			name = TSExportContent;
			sourceTree = "<group>";
		};
		43E711222056325D007C3D15 /* testModel */ = {
			isa = PBXGroup;
			children = (
				43E7112320563271007C3D15 /* Foo.h */,
				43E7112420563271007C3D15 /* Foo.m */,
				43E711262056329D007C3D15 /* Moo.h */,
				43E711272056329D007C3D15 /* Moo.m */,
			);
			name = testModel;
			sourceTree = "<group>";
		};
/* End PBXGroup section */

/* Begin PBXNativeTarget section */
		43E710D720562D23007C3D15 /* ExportFileToLoad */ = {
			isa = PBXNativeTarget;
			buildConfigurationList = 43E710F420562D23007C3D15 /* Build configuration list for PBXNativeTarget "ExportFileToLoad" */;
			buildPhases = (
				43E710D420562D23007C3D15 /* Sources */,
				43E710D520562D23007C3D15 /* Frameworks */,
				43E710D620562D23007C3D15 /* Resources */,
			);
			buildRules = (
			);
			dependencies = (
			);
			name = ExportFileToLoad;
			productName = ExportFileToLoad;
			productReference = 43E710D820562D23007C3D15 /* ExportFileToLoad.app */;
			productType = "com.apple.product-type.application";
		};
		43E710EA20562D23007C3D15 /* ExportFileToLoadTests */ = {
			isa = PBXNativeTarget;
			buildConfigurationList = 43E710F720562D23007C3D15 /* Build configuration list for PBXNativeTarget "ExportFileToLoadTests" */;
			buildPhases = (
				43E710E720562D23007C3D15 /* Sources */,
				43E710E820562D23007C3D15 /* Frameworks */,
				43E710E920562D23007C3D15 /* Resources */,
			);
			buildRules = (
			);
			dependencies = (
				43E710ED20562D23007C3D15 /* PBXTargetDependency */,
			);
			name = ExportFileToLoadTests;
			productName = ExportFileToLoadTests;
			productReference = 43E710EB20562D23007C3D15 /* ExportFileToLoadTests.xctest */;
			productType = "com.apple.product-type.bundle.unit-test";
		};
/* End PBXNativeTarget section */

/* Begin PBXProject section */
		43E710D020562D23007C3D15 /* Project object */ = {
			isa = PBXProject;
			attributes = {
				LastUpgradeCheck = 0920;
				ORGANIZATIONNAME = wudong;
				TargetAttributes = {
					43E710D720562D23007C3D15 = {
						CreatedOnToolsVersion = 9.2;
						ProvisioningStyle = Automatic;
						SystemCapabilities = {
							com.apple.Sandbox = {
								enabled = 0;
							};
						};
					};
					43E710EA20562D23007C3D15 = {
						CreatedOnToolsVersion = 9.2;
						ProvisioningStyle = Automatic;
						TestTargetID = 43E710D720562D23007C3D15;
					};
				};
			};
			buildConfigurationList = 43E710D320562D23007C3D15 /* Build configuration list for PBXProject "ExportFileToLoad" */;
			compatibilityVersion = "Xcode 8.0";
			developmentRegion = en;
			hasScannedForEncodings = 0;
			knownRegions = (
				en,
				Base,
			);
			mainGroup = 43E710CF20562D23007C3D15;
			productRefGroup = 43E710D920562D23007C3D15 /* Products */;
			projectDirPath = "";
			projectRoot = "";
			targets = (
				43E710D720562D23007C3D15 /* ExportFileToLoad */,
				43E710EA20562D23007C3D15 /* ExportFileToLoadTests */,
			);
		};
/* End PBXProject section */

/* Begin PBXResourcesBuildPhase section */
		43E710D620562D23007C3D15 /* Resources */ = {
			isa = PBXResourcesBuildPhase;
			buildActionMask = 2147483647;
			files = (
				43E710DF20562D23007C3D15 /* Assets.xcassets in Resources */,
				43E710E220562D23007C3D15 /* MainMenu.xib in Resources */,
			);
			runOnlyForDeploymentPostprocessing = 0;
		};
		43E710E920562D23007C3D15 /* Resources */ = {
			isa = PBXResourcesBuildPhase;
			buildActionMask = 2147483647;
			files = (
			);
			runOnlyForDeploymentPostprocessing = 0;
		};
/* End PBXResourcesBuildPhase section */

/* Begin PBXSourcesBuildPhase section */
		43E710D420562D23007C3D15 /* Sources */ = {
			isa = PBXSourcesBuildPhase;
			buildActionMask = 2147483647;
			files = (
				43E711282056329D007C3D15 /* Moo.m in Sources */,
				43E7112520563271007C3D15 /* Foo.m in Sources */,
				43E710E520562D23007C3D15 /* main.m in Sources */,
				43E7112120562FC1007C3D15 /* ExportContent.m in Sources */,
				43E710DD20562D23007C3D15 /* AppDelegate.m in Sources */,
			);
			runOnlyForDeploymentPostprocessing = 0;
		};
		43E710E720562D23007C3D15 /* Sources */ = {
			isa = PBXSourcesBuildPhase;
			buildActionMask = 2147483647;
			files = (
				43E710F020562D23007C3D15 /* ExportFileToLoadTests.m in Sources */,
			);
			runOnlyForDeploymentPostprocessing = 0;
		};
/* End PBXSourcesBuildPhase section */

/* Begin PBXTargetDependency section */
		43E710ED20562D23007C3D15 /* PBXTargetDependency */ = {
			isa = PBXTargetDependency;
			target = 43E710D720562D23007C3D15 /* ExportFileToLoad */;
			targetProxy = 43E710EC20562D23007C3D15 /* PBXContainerItemProxy */;
		};
/* End PBXTargetDependency section */

/* Begin PBXVariantGroup section */
		43E710E020562D23007C3D15 /* MainMenu.xib */ = {
			isa = PBXVariantGroup;
			children = (
				43E710E120562D23007C3D15 /* Base */,
			);
			name = MainMenu.xib;
			sourceTree = "<group>";
		};
/* End PBXVariantGroup section */

/* Begin XCBuildConfiguration section */
		43E710F220562D23007C3D15 /* Debug */ = {
			isa = XCBuildConfiguration;
			buildSettings = {
				ALWAYS_SEARCH_USER_PATHS = NO;
				CLANG_ANALYZER_NONNULL = YES;
				CLANG_ANALYZER_NUMBER_OBJECT_CONVERSION = YES_AGGRESSIVE;
				CLANG_CXX_LANGUAGE_STANDARD = "gnu++14";
				CLANG_CXX_LIBRARY = "libc++";
				CLANG_ENABLE_MODULES = YES;
				CLANG_ENABLE_OBJC_ARC = YES;
				CLANG_WARN_BLOCK_CAPTURE_AUTORELEASING = YES;
				CLANG_WARN_BOOL_CONVERSION = YES;
				CLANG_WARN_COMMA = YES;
				CLANG_WARN_CONSTANT_CONVERSION = YES;
				CLANG_WARN_DIRECT_OBJC_ISA_USAGE = YES_ERROR;
				CLANG_WARN_DOCUMENTATION_COMMENTS = YES;
				CLANG_WARN_EMPTY_BODY = YES;
				CLANG_WARN_ENUM_CONVERSION = YES;
				CLANG_WARN_INFINITE_RECURSION = YES;
				CLANG_WARN_INT_CONVERSION = YES;
				CLANG_WARN_NON_LITERAL_NULL_CONVERSION = YES;
				CLANG_WARN_OBJC_LITERAL_CONVERSION = YES;
				CLANG_WARN_OBJC_ROOT_CLASS = YES_ERROR;
				CLANG_WARN_RANGE_LOOP_ANALYSIS = YES;
				CLANG_WARN_STRICT_PROTOTYPES = YES;
				CLANG_WARN_SUSPICIOUS_MOVE = YES;
				CLANG_WARN_UNGUARDED_AVAILABILITY = YES_AGGRESSIVE;
				CLANG_WARN_UNREACHABLE_CODE = YES;
				CLANG_WARN__DUPLICATE_METHOD_MATCH = YES;
				CODE_SIGN_IDENTITY = "-";
				COPY_PHASE_STRIP = NO;
				DEBUG_INFORMATION_FORMAT = dwarf;
				ENABLE_STRICT_OBJC_MSGSEND = YES;
				ENABLE_TESTABILITY = YES;
				GCC_C_LANGUAGE_STANDARD = gnu11;
				GCC_DYNAMIC_NO_PIC = NO;
				GCC_NO_COMMON_BLOCKS = YES;
				GCC_OPTIMIZATION_LEVEL = 0;
				GCC_PREPROCESSOR_DEFINITIONS = (
					"DEBUG=1",
					"$(inherited)",
				);
				GCC_WARN_64_TO_32_BIT_CONVERSION = YES;
				GCC_WARN_ABOUT_RETURN_TYPE = YES_ERROR;
				GCC_WARN_UNDECLARED_SELECTOR = YES;
				GCC_WARN_UNINITIALIZED_AUTOS = YES_AGGRESSIVE;
				GCC_WARN_UNUSED_FUNCTION = YES;
				GCC_WARN_UNUSED_VARIABLE = YES;
				MACOSX_DEPLOYMENT_TARGET = 10.13;
				MTL_ENABLE_DEBUG_INFO = YES;
				ONLY_ACTIVE_ARCH = YES;
				SDKROOT = macosx;
			};
			name = Debug;
		};
		43E710F320562D23007C3D15 /* Release */ = {
			isa = XCBuildConfiguration;
			buildSettings = {
				ALWAYS_SEARCH_USER_PATHS = NO;
				CLANG_ANALYZER_NONNULL = YES;
				CLANG_ANALYZER_NUMBER_OBJECT_CONVERSION = YES_AGGRESSIVE;
				CLANG_CXX_LANGUAGE_STANDARD = "gnu++14";
				CLANG_CXX_LIBRARY = "libc++";
				CLANG_ENABLE_MODULES = YES;
				CLANG_ENABLE_OBJC_ARC = YES;
				CLANG_WARN_BLOCK_CAPTURE_AUTORELEASING = YES;
				CLANG_WARN_BOOL_CONVERSION = YES;
				CLANG_WARN_COMMA = YES;
				CLANG_WARN_CONSTANT_CONVERSION = YES;
				CLANG_WARN_DIRECT_OBJC_ISA_USAGE = YES_ERROR;
				CLANG_WARN_DOCUMENTATION_COMMENTS = YES;
				CLANG_WARN_EMPTY_BODY = YES;
				CLANG_WARN_ENUM_CONVERSION = YES;
				CLANG_WARN_INFINITE_RECURSION = YES;
				CLANG_WARN_INT_CONVERSION = YES;
				CLANG_WARN_NON_LITERAL_NULL_CONVERSION = YES;
				CLANG_WARN_OBJC_LITERAL_CONVERSION = YES;
				CLANG_WARN_OBJC_ROOT_CLASS = YES_ERROR;
				CLANG_WARN_RANGE_LOOP_ANALYSIS = YES;
				CLANG_WARN_STRICT_PROTOTYPES = YES;
				CLANG_WARN_SUSPICIOUS_MOVE = YES;
				CLANG_WARN_UNGUARDED_AVAILABILITY = YES_AGGRESSIVE;
				CLANG_WARN_UNREACHABLE_CODE = YES;
				CLANG_WARN__DUPLICATE_METHOD_MATCH = YES;
				CODE_SIGN_IDENTITY = "-";
				COPY_PHASE_STRIP = NO;
				DEBUG_INFORMATION_FORMAT = "dwarf-with-dsym";
				ENABLE_NS_ASSERTIONS = NO;
				ENABLE_STRICT_OBJC_MSGSEND = YES;
				GCC_C_LANGUAGE_STANDARD = gnu11;
				GCC_NO_COMMON_BLOCKS = YES;
				GCC_WARN_64_TO_32_BIT_CONVERSION = YES;
				GCC_WARN_ABOUT_RETURN_TYPE = YES_ERROR;
				GCC_WARN_UNDECLARED_SELECTOR = YES;
				GCC_WARN_UNINITIALIZED_AUTOS = YES_AGGRESSIVE;
				GCC_WARN_UNUSED_FUNCTION = YES;
				GCC_WARN_UNUSED_VARIABLE = YES;
				MACOSX_DEPLOYMENT_TARGET = 10.13;
				MTL_ENABLE_DEBUG_INFO = NO;
				SDKROOT = macosx;
			};
			name = Release;
		};
		43E710F520562D23007C3D15 /* Debug */ = {
			isa = XCBuildConfiguration;
			buildSettings = {
				ASSETCATALOG_COMPILER_APPICON_NAME = AppIcon;
				CODE_SIGN_STYLE = Automatic;
				COMBINE_HIDPI_IMAGES = YES;
				INFOPLIST_FILE = ExportFileToLoad/Info.plist;
				LD_RUNPATH_SEARCH_PATHS = "$(inherited) @executable_path/../Frameworks";
				PRODUCT_BUNDLE_IDENTIFIER = pp.ExportFileToLoad;
				PRODUCT_NAME = "$(TARGET_NAME)";
			};
			name = Debug;
		};
		43E710F620562D23007C3D15 /* Release */ = {
			isa = XCBuildConfiguration;
			buildSettings = {
				ASSETCATALOG_COMPILER_APPICON_NAME = AppIcon;
				CODE_SIGN_STYLE = Automatic;
				COMBINE_HIDPI_IMAGES = YES;
				INFOPLIST_FILE = ExportFileToLoad/Info.plist;
				LD_RUNPATH_SEARCH_PATHS = "$(inherited) @executable_path/../Frameworks";
				PRODUCT_BUNDLE_IDENTIFIER = pp.ExportFileToLoad;
				PRODUCT_NAME = "$(TARGET_NAME)";
			};
			name = Release;
		};
		43E710F820562D23007C3D15 /* Debug */ = {
			isa = XCBuildConfiguration;
			buildSettings = {
				BUNDLE_LOADER = "$(TEST_HOST)";
				CODE_SIGN_STYLE = Automatic;
				COMBINE_HIDPI_IMAGES = YES;
				INFOPLIST_FILE = ExportFileToLoadTests/Info.plist;
				LD_RUNPATH_SEARCH_PATHS = "$(inherited) @executable_path/../Frameworks @loader_path/../Frameworks";
				PRODUCT_BUNDLE_IDENTIFIER = pp.ExportFileToLoadTests;
				PRODUCT_NAME = "$(TARGET_NAME)";
				TEST_HOST = "$(BUILT_PRODUCTS_DIR)/ExportFileToLoad.app/Contents/MacOS/ExportFileToLoad";
			};
			name = Debug;
		};
		43E710F920562D23007C3D15 /* Release */ = {
			isa = XCBuildConfiguration;
			buildSettings = {
				BUNDLE_LOADER = "$(TEST_HOST)";
				CODE_SIGN_STYLE = Automatic;
				COMBINE_HIDPI_IMAGES = YES;
				INFOPLIST_FILE = ExportFileToLoadTests/Info.plist;
				LD_RUNPATH_SEARCH_PATHS = "$(inherited) @executable_path/../Frameworks @loader_path/../Frameworks";
				PRODUCT_BUNDLE_IDENTIFIER = pp.ExportFileToLoadTests;
				PRODUCT_NAME = "$(TARGET_NAME)";
				TEST_HOST = "$(BUILT_PRODUCTS_DIR)/ExportFileToLoad.app/Contents/MacOS/ExportFileToLoad";
			};
			name = Release;
		};
/* End XCBuildConfiguration section */

/* Begin XCConfigurationList section */
		43E710D320562D23007C3D15 /* Build configuration list for PBXProject "ExportFileToLoad" */ = {
			isa = XCConfigurationList;
			buildConfigurations = (
				43E710F220562D23007C3D15 /* Debug */,
				43E710F320562D23007C3D15 /* Release */,
			);
			defaultConfigurationIsVisible = 0;
			defaultConfigurationName = Release;
		};
		43E710F420562D23007C3D15 /* Build configuration list for PBXNativeTarget "ExportFileToLoad" */ = {
			isa = XCConfigurationList;
			buildConfigurations = (
				43E710F520562D23007C3D15 /* Debug */,
				43E710F620562D23007C3D15 /* Release */,
			);
			defaultConfigurationIsVisible = 0;
			defaultConfigurationName = Release;
		};
		43E710F720562D23007C3D15 /* Build configuration list for PBXNativeTarget "ExportFileToLoadTests" */ = {
			isa = XCConfigurationList;
			buildConfigurations = (
				43E710F820562D23007C3D15 /* Debug */,
				43E710F920562D23007C3D15 /* Release */,
			);
			defaultConfigurationIsVisible = 0;
			defaultConfigurationName = Release;
		};
/* End XCConfigurationList section */
	};
	rootObject = 43E710D020562D23007C3D15 /* Project object */;
}
