// !$*UTF8*$!
{
	archiveVersion = 1;
	classes = {
	};
	objectVersion = 48;
	objects = {

/* Begin PBXBuildFile section */
		43E7113D20578661007C3D15 /* AppDelegate.m in Sources */ = {isa = PBXBuildFile; fileRef = 43E7113C20578661007C3D15 /* AppDelegate.m */; };
		43E7113F20578661007C3D15 /* Assets.xcassets in Resources */ = {isa = PBXBuildFile; fileRef = 43E7113E20578661007C3D15 /* Assets.xcassets */; };
		43E7114220578661007C3D15 /* MainMenu.xib in Resources */ = {isa = PBXBuildFile; fileRef = 43E7114020578661007C3D15 /* MainMenu.xib */; };
		43E7114520578661007C3D15 /* main.m in Sources */ = {isa = PBXBuildFile; fileRef = 43E7114420578661007C3D15 /* main.m */; };
		43E7115020578661007C3D15 /* testCreatePDFwithViewTests.m in Sources */ = {isa = PBXBuildFile; fileRef = 43E7114F20578661007C3D15 /* testCreatePDFwithViewTests.m */; };
		43E7115D20578693007C3D15 /* testView.m in Sources */ = {isa = PBXBuildFile; fileRef = 43E7115B20578693007C3D15 /* testView.m */; };
		43E7115E20578693007C3D15 /* testView.xib in Resources */ = {isa = PBXBuildFile; fileRef = 43E7115C20578693007C3D15 /* testView.xib */; };
/* End PBXBuildFile section */

/* Begin PBXContainerItemProxy section */
		43E7114C20578661007C3D15 /* PBXContainerItemProxy */ = {
			isa = PBXContainerItemProxy;
			containerPortal = 43E7113020578661007C3D15 /* Project object */;
			proxyType = 1;
			remoteGlobalIDString = 43E7113720578661007C3D15;
			remoteInfo = testCreatePDFwithView;
		};
/* End PBXContainerItemProxy section */

/* Begin PBXFileReference section */
		43E7113820578661007C3D15 /* testCreatePDFwithView.app */ = {isa = PBXFileReference; explicitFileType = wrapper.application; includeInIndex = 0; path = testCreatePDFwithView.app; sourceTree = BUILT_PRODUCTS_DIR; };
		43E7113B20578661007C3D15 /* AppDelegate.h */ = {isa = PBXFileReference; lastKnownFileType = sourcecode.c.h; path = AppDelegate.h; sourceTree = "<group>"; };
		43E7113C20578661007C3D15 /* AppDelegate.m */ = {isa = PBXFileReference; lastKnownFileType = sourcecode.c.objc; path = AppDelegate.m; sourceTree = "<group>"; };
		43E7113E20578661007C3D15 /* Assets.xcassets */ = {isa = PBXFileReference; lastKnownFileType = folder.assetcatalog; path = Assets.xcassets; sourceTree = "<group>"; };
		43E7114120578661007C3D15 /* Base */ = {isa = PBXFileReference; lastKnownFileType = file.xib; name = Base; path = Base.lproj/MainMenu.xib; sourceTree = "<group>"; };
		43E7114320578661007C3D15 /* Info.plist */ = {isa = PBXFileReference; lastKnownFileType = text.plist.xml; path = Info.plist; sourceTree = "<group>"; };
		43E7114420578661007C3D15 /* main.m */ = {isa = PBXFileReference; lastKnownFileType = sourcecode.c.objc; path = main.m; sourceTree = "<group>"; };
		43E7114620578661007C3D15 /* testCreatePDFwithView.entitlements */ = {isa = PBXFileReference; lastKnownFileType = text.plist.entitlements; path = testCreatePDFwithView.entitlements; sourceTree = "<group>"; };
		43E7114B20578661007C3D15 /* testCreatePDFwithViewTests.xctest */ = {isa = PBXFileReference; explicitFileType = wrapper.cfbundle; includeInIndex = 0; path = testCreatePDFwithViewTests.xctest; sourceTree = BUILT_PRODUCTS_DIR; };
		43E7114F20578661007C3D15 /* testCreatePDFwithViewTests.m */ = {isa = PBXFileReference; lastKnownFileType = sourcecode.c.objc; path = testCreatePDFwithViewTests.m; sourceTree = "<group>"; };
		43E7115120578661007C3D15 /* Info.plist */ = {isa = PBXFileReference; lastKnownFileType = text.plist.xml; path = Info.plist; sourceTree = "<group>"; };
		43E7115A20578693007C3D15 /* testView.h */ = {isa = PBXFileReference; lastKnownFileType = sourcecode.c.h; path = testView.h; sourceTree = "<group>"; };
		43E7115B20578693007C3D15 /* testView.m */ = {isa = PBXFileReference; lastKnownFileType = sourcecode.c.objc; path = testView.m; sourceTree = "<group>"; };
		43E7115C20578693007C3D15 /* testView.xib */ = {isa = PBXFileReference; lastKnownFileType = file.xib; path = testView.xib; sourceTree = "<group>"; };
/* End PBXFileReference section */

/* Begin PBXFrameworksBuildPhase section */
		43E7113520578661007C3D15 /* Frameworks */ = {
			isa = PBXFrameworksBuildPhase;
			buildActionMask = 2147483647;
			files = (
			);
			runOnlyForDeploymentPostprocessing = 0;
		};
		43E7114820578661007C3D15 /* Frameworks */ = {
			isa = PBXFrameworksBuildPhase;
			buildActionMask = 2147483647;
			files = (
			);
			runOnlyForDeploymentPostprocessing = 0;
		};
/* End PBXFrameworksBuildPhase section */

/* Begin PBXGroup section */
		43E7112F20578661007C3D15 = {
			isa = PBXGroup;
			children = (
				43E7113A20578661007C3D15 /* testCreatePDFwithView */,
				43E7114E20578661007C3D15 /* testCreatePDFwithViewTests */,
				43E7113920578661007C3D15 /* Products */,
			);
			sourceTree = "<group>";
		};
		43E7113920578661007C3D15 /* Products */ = {
			isa = PBXGroup;
			children = (
				43E7113820578661007C3D15 /* testCreatePDFwithView.app */,
				43E7114B20578661007C3D15 /* testCreatePDFwithViewTests.xctest */,
			);
			name = Products;
			sourceTree = "<group>";
		};
		43E7113A20578661007C3D15 /* testCreatePDFwithView */ = {
			isa = PBXGroup;
			children = (
				43E7113B20578661007C3D15 /* AppDelegate.h */,
				43E7113C20578661007C3D15 /* AppDelegate.m */,
				43E7113E20578661007C3D15 /* Assets.xcassets */,
				43E7114020578661007C3D15 /* MainMenu.xib */,
				43E7114320578661007C3D15 /* Info.plist */,
				43E7114420578661007C3D15 /* main.m */,
				43E7114620578661007C3D15 /* testCreatePDFwithView.entitlements */,
				43E7115A20578693007C3D15 /* testView.h */,
				43E7115B20578693007C3D15 /* testView.m */,
				43E7115C20578693007C3D15 /* testView.xib */,
			);
			path = testCreatePDFwithView;
			sourceTree = "<group>";
		};
		43E7114E20578661007C3D15 /* testCreatePDFwithViewTests */ = {
			isa = PBXGroup;
			children = (
				43E7114F20578661007C3D15 /* testCreatePDFwithViewTests.m */,
				43E7115120578661007C3D15 /* Info.plist */,
			);
			path = testCreatePDFwithViewTests;
			sourceTree = "<group>";
		};
/* End PBXGroup section */

/* Begin PBXNativeTarget section */
		43E7113720578661007C3D15 /* testCreatePDFwithView */ = {
			isa = PBXNativeTarget;
			buildConfigurationList = 43E7115420578661007C3D15 /* Build configuration list for PBXNativeTarget "testCreatePDFwithView" */;
			buildPhases = (
				43E7113420578661007C3D15 /* Sources */,
				43E7113520578661007C3D15 /* Frameworks */,
				43E7113620578661007C3D15 /* Resources */,
			);
			buildRules = (
			);
			dependencies = (
			);
			name = testCreatePDFwithView;
			productName = testCreatePDFwithView;
			productReference = 43E7113820578661007C3D15 /* testCreatePDFwithView.app */;
			productType = "com.apple.product-type.application";
		};
		43E7114A20578661007C3D15 /* testCreatePDFwithViewTests */ = {
			isa = PBXNativeTarget;
			buildConfigurationList = 43E7115720578661007C3D15 /* Build configuration list for PBXNativeTarget "testCreatePDFwithViewTests" */;
			buildPhases = (
				43E7114720578661007C3D15 /* Sources */,
				43E7114820578661007C3D15 /* Frameworks */,
				43E7114920578661007C3D15 /* Resources */,
			);
			buildRules = (
			);
			dependencies = (
				43E7114D20578661007C3D15 /* PBXTargetDependency */,
			);
			name = testCreatePDFwithViewTests;
			productName = testCreatePDFwithViewTests;
			productReference = 43E7114B20578661007C3D15 /* testCreatePDFwithViewTests.xctest */;
			productType = "com.apple.product-type.bundle.unit-test";
		};
/* End PBXNativeTarget section */

/* Begin PBXProject section */
		43E7113020578661007C3D15 /* Project object */ = {
			isa = PBXProject;
			attributes = {
				LastUpgradeCheck = 0920;
				ORGANIZATIONNAME = wudong;
				TargetAttributes = {
					43E7113720578661007C3D15 = {
						CreatedOnToolsVersion = 9.2;
						ProvisioningStyle = Automatic;
					};
					43E7114A20578661007C3D15 = {
						CreatedOnToolsVersion = 9.2;
						ProvisioningStyle = Automatic;
						TestTargetID = 43E7113720578661007C3D15;
					};
				};
			};
			buildConfigurationList = 43E7113320578661007C3D15 /* Build configuration list for PBXProject "testCreatePDFwithView" */;
			compatibilityVersion = "Xcode 8.0";
			developmentRegion = en;
			hasScannedForEncodings = 0;
			knownRegions = (
				en,
				Base,
			);
			mainGroup = 43E7112F20578661007C3D15;
			productRefGroup = 43E7113920578661007C3D15 /* Products */;
			projectDirPath = "";
			projectRoot = "";
			targets = (
				43E7113720578661007C3D15 /* testCreatePDFwithView */,
				43E7114A20578661007C3D15 /* testCreatePDFwithViewTests */,
			);
		};
/* End PBXProject section */

/* Begin PBXResourcesBuildPhase section */
		43E7113620578661007C3D15 /* Resources */ = {
			isa = PBXResourcesBuildPhase;
			buildActionMask = 2147483647;
			files = (
				43E7113F20578661007C3D15 /* Assets.xcassets in Resources */,
				43E7115E20578693007C3D15 /* testView.xib in Resources */,
				43E7114220578661007C3D15 /* MainMenu.xib in Resources */,
			);
			runOnlyForDeploymentPostprocessing = 0;
		};
		43E7114920578661007C3D15 /* Resources */ = {
			isa = PBXResourcesBuildPhase;
			buildActionMask = 2147483647;
			files = (
			);
			runOnlyForDeploymentPostprocessing = 0;
		};
/* End PBXResourcesBuildPhase section */

/* Begin PBXSourcesBuildPhase section */
		43E7113420578661007C3D15 /* Sources */ = {
			isa = PBXSourcesBuildPhase;
			buildActionMask = 2147483647;
			files = (
				43E7115D20578693007C3D15 /* testView.m in Sources */,
				43E7114520578661007C3D15 /* main.m in Sources */,
				43E7113D20578661007C3D15 /* AppDelegate.m in Sources */,
			);
			runOnlyForDeploymentPostprocessing = 0;
		};
		43E7114720578661007C3D15 /* Sources */ = {
			isa = PBXSourcesBuildPhase;
			buildActionMask = 2147483647;
			files = (
				43E7115020578661007C3D15 /* testCreatePDFwithViewTests.m in Sources */,
			);
			runOnlyForDeploymentPostprocessing = 0;
		};
/* End PBXSourcesBuildPhase section */

/* Begin PBXTargetDependency section */
		43E7114D20578661007C3D15 /* PBXTargetDependency */ = {
			isa = PBXTargetDependency;
			target = 43E7113720578661007C3D15 /* testCreatePDFwithView */;
			targetProxy = 43E7114C20578661007C3D15 /* PBXContainerItemProxy */;
		};
/* End PBXTargetDependency section */

/* Begin PBXVariantGroup section */
		43E7114020578661007C3D15 /* MainMenu.xib */ = {
			isa = PBXVariantGroup;
			children = (
				43E7114120578661007C3D15 /* Base */,
			);
			name = MainMenu.xib;
			sourceTree = "<group>";
		};
/* End PBXVariantGroup section */

/* Begin XCBuildConfiguration section */
		43E7115220578661007C3D15 /* Debug */ = {
			isa = XCBuildConfiguration;
			buildSettings = {
				ALWAYS_SEARCH_USER_PATHS = NO;
				CLANG_ANALYZER_NONNULL = YES;
				CLANG_ANALYZER_NUMBER_OBJECT_CONVERSION = YES_AGGRESSIVE;
				CLANG_CXX_LANGUAGE_STANDARD = "gnu++14";
				CLANG_CXX_LIBRARY = "libc++";
				CLANG_ENABLE_MODULES = YES;
				CLANG_ENABLE_OBJC_ARC = YES;
				CLANG_WARN_BLOCK_CAPTURE_AUTORELEASING = YES;
				CLANG_WARN_BOOL_CONVERSION = YES;
				CLANG_WARN_COMMA = YES;
				CLANG_WARN_CONSTANT_CONVERSION = YES;
				CLANG_WARN_DIRECT_OBJC_ISA_USAGE = YES_ERROR;
				CLANG_WARN_DOCUMENTATION_COMMENTS = YES;
				CLANG_WARN_EMPTY_BODY = YES;
				CLANG_WARN_ENUM_CONVERSION = YES;
				CLANG_WARN_INFINITE_RECURSION = YES;
				CLANG_WARN_INT_CONVERSION = YES;
				CLANG_WARN_NON_LITERAL_NULL_CONVERSION = YES;
				CLANG_WARN_OBJC_LITERAL_CONVERSION = YES;
				CLANG_WARN_OBJC_ROOT_CLASS = YES_ERROR;
				CLANG_WARN_RANGE_LOOP_ANALYSIS = YES;
				CLANG_WARN_STRICT_PROTOTYPES = YES;
				CLANG_WARN_SUSPICIOUS_MOVE = YES;
				CLANG_WARN_UNGUARDED_AVAILABILITY = YES_AGGRESSIVE;
				CLANG_WARN_UNREACHABLE_CODE = YES;
				CLANG_WARN__DUPLICATE_METHOD_MATCH = YES;
				CODE_SIGN_IDENTITY = "-";
				COPY_PHASE_STRIP = NO;
				DEBUG_INFORMATION_FORMAT = dwarf;
				ENABLE_STRICT_OBJC_MSGSEND = YES;
				ENABLE_TESTABILITY = YES;
				GCC_C_LANGUAGE_STANDARD = gnu11;
				GCC_DYNAMIC_NO_PIC = NO;
				GCC_NO_COMMON_BLOCKS = YES;
				GCC_OPTIMIZATION_LEVEL = 0;
				GCC_PREPROCESSOR_DEFINITIONS = (
					"DEBUG=1",
					"$(inherited)",
				);
				GCC_WARN_64_TO_32_BIT_CONVERSION = YES;
				GCC_WARN_ABOUT_RETURN_TYPE = YES_ERROR;
				GCC_WARN_UNDECLARED_SELECTOR = YES;
				GCC_WARN_UNINITIALIZED_AUTOS = YES_AGGRESSIVE;
				GCC_WARN_UNUSED_FUNCTION = YES;
				GCC_WARN_UNUSED_VARIABLE = YES;
				MACOSX_DEPLOYMENT_TARGET = 10.13;
				MTL_ENABLE_DEBUG_INFO = YES;
				ONLY_ACTIVE_ARCH = YES;
				SDKROOT = macosx;
			};
			name = Debug;
		};
		43E7115320578661007C3D15 /* Release */ = {
			isa = XCBuildConfiguration;
			buildSettings = {
				ALWAYS_SEARCH_USER_PATHS = NO;
				CLANG_ANALYZER_NONNULL = YES;
				CLANG_ANALYZER_NUMBER_OBJECT_CONVERSION = YES_AGGRESSIVE;
				CLANG_CXX_LANGUAGE_STANDARD = "gnu++14";
				CLANG_CXX_LIBRARY = "libc++";
				CLANG_ENABLE_MODULES = YES;
				CLANG_ENABLE_OBJC_ARC = YES;
				CLANG_WARN_BLOCK_CAPTURE_AUTORELEASING = YES;
				CLANG_WARN_BOOL_CONVERSION = YES;
				CLANG_WARN_COMMA = YES;
				CLANG_WARN_CONSTANT_CONVERSION = YES;
				CLANG_WARN_DIRECT_OBJC_ISA_USAGE = YES_ERROR;
				CLANG_WARN_DOCUMENTATION_COMMENTS = YES;
				CLANG_WARN_EMPTY_BODY = YES;
				CLANG_WARN_ENUM_CONVERSION = YES;
				CLANG_WARN_INFINITE_RECURSION = YES;
				CLANG_WARN_INT_CONVERSION = YES;
				CLANG_WARN_NON_LITERAL_NULL_CONVERSION = YES;
				CLANG_WARN_OBJC_LITERAL_CONVERSION = YES;
				CLANG_WARN_OBJC_ROOT_CLASS = YES_ERROR;
				CLANG_WARN_RANGE_LOOP_ANALYSIS = YES;
				CLANG_WARN_STRICT_PROTOTYPES = YES;
				CLANG_WARN_SUSPICIOUS_MOVE = YES;
				CLANG_WARN_UNGUARDED_AVAILABILITY = YES_AGGRESSIVE;
				CLANG_WARN_UNREACHABLE_CODE = YES;
				CLANG_WARN__DUPLICATE_METHOD_MATCH = YES;
				CODE_SIGN_IDENTITY = "-";
				COPY_PHASE_STRIP = NO;
				DEBUG_INFORMATION_FORMAT = "dwarf-with-dsym";
				ENABLE_NS_ASSERTIONS = NO;
				ENABLE_STRICT_OBJC_MSGSEND = YES;
				GCC_C_LANGUAGE_STANDARD = gnu11;
				GCC_NO_COMMON_BLOCKS = YES;
				GCC_WARN_64_TO_32_BIT_CONVERSION = YES;
				GCC_WARN_ABOUT_RETURN_TYPE = YES_ERROR;
				GCC_WARN_UNDECLARED_SELECTOR = YES;
				GCC_WARN_UNINITIALIZED_AUTOS = YES_AGGRESSIVE;
				GCC_WARN_UNUSED_FUNCTION = YES;
				GCC_WARN_UNUSED_VARIABLE = YES;
				MACOSX_DEPLOYMENT_TARGET = 10.13;
				MTL_ENABLE_DEBUG_INFO = NO;
				SDKROOT = macosx;
			};
			name = Release;
		};
		43E7115520578661007C3D15 /* Debug */ = {
			isa = XCBuildConfiguration;
			buildSettings = {
				ASSETCATALOG_COMPILER_APPICON_NAME = AppIcon;
				CODE_SIGN_ENTITLEMENTS = testCreatePDFwithView/testCreatePDFwithView.entitlements;
				CODE_SIGN_STYLE = Automatic;
				COMBINE_HIDPI_IMAGES = YES;
				INFOPLIST_FILE = testCreatePDFwithView/Info.plist;
				LD_RUNPATH_SEARCH_PATHS = "$(inherited) @executable_path/../Frameworks";
				PRODUCT_BUNDLE_IDENTIFIER = pp.testCreatePDFwithView;
				PRODUCT_NAME = "$(TARGET_NAME)";
			};
			name = Debug;
		};
		43E7115620578661007C3D15 /* Release */ = {
			isa = XCBuildConfiguration;
			buildSettings = {
				ASSETCATALOG_COMPILER_APPICON_NAME = AppIcon;
				CODE_SIGN_ENTITLEMENTS = testCreatePDFwithView/testCreatePDFwithView.entitlements;
				CODE_SIGN_STYLE = Automatic;
				COMBINE_HIDPI_IMAGES = YES;
				INFOPLIST_FILE = testCreatePDFwithView/Info.plist;
				LD_RUNPATH_SEARCH_PATHS = "$(inherited) @executable_path/../Frameworks";
				PRODUCT_BUNDLE_IDENTIFIER = pp.testCreatePDFwithView;
				PRODUCT_NAME = "$(TARGET_NAME)";
			};
			name = Release;
		};
		43E7115820578661007C3D15 /* Debug */ = {
			isa = XCBuildConfiguration;
			buildSettings = {
				BUNDLE_LOADER = "$(TEST_HOST)";
				CODE_SIGN_STYLE = Automatic;
				COMBINE_HIDPI_IMAGES = YES;
				INFOPLIST_FILE = testCreatePDFwithViewTests/Info.plist;
				LD_RUNPATH_SEARCH_PATHS = "$(inherited) @executable_path/../Frameworks @loader_path/../Frameworks";
				PRODUCT_BUNDLE_IDENTIFIER = pp.testCreatePDFwithViewTests;
				PRODUCT_NAME = "$(TARGET_NAME)";
				TEST_HOST = "$(BUILT_PRODUCTS_DIR)/testCreatePDFwithView.app/Contents/MacOS/testCreatePDFwithView";
			};
			name = Debug;
		};
		43E7115920578661007C3D15 /* Release */ = {
			isa = XCBuildConfiguration;
			buildSettings = {
				BUNDLE_LOADER = "$(TEST_HOST)";
				CODE_SIGN_STYLE = Automatic;
				COMBINE_HIDPI_IMAGES = YES;
				INFOPLIST_FILE = testCreatePDFwithViewTests/Info.plist;
				LD_RUNPATH_SEARCH_PATHS = "$(inherited) @executable_path/../Frameworks @loader_path/../Frameworks";
				PRODUCT_BUNDLE_IDENTIFIER = pp.testCreatePDFwithViewTests;
				PRODUCT_NAME = "$(TARGET_NAME)";
				TEST_HOST = "$(BUILT_PRODUCTS_DIR)/testCreatePDFwithView.app/Contents/MacOS/testCreatePDFwithView";
			};
			name = Release;
		};
/* End XCBuildConfiguration section */

/* Begin XCConfigurationList section */
		43E7113320578661007C3D15 /* Build configuration list for PBXProject "testCreatePDFwithView" */ = {
			isa = XCConfigurationList;
			buildConfigurations = (
				43E7115220578661007C3D15 /* Debug */,
				43E7115320578661007C3D15 /* Release */,
			);
			defaultConfigurationIsVisible = 0;
			defaultConfigurationName = Release;
		};
		43E7115420578661007C3D15 /* Build configuration list for PBXNativeTarget "testCreatePDFwithView" */ = {
			isa = XCConfigurationList;
			buildConfigurations = (
				43E7115520578661007C3D15 /* Debug */,
				43E7115620578661007C3D15 /* Release */,
			);
			defaultConfigurationIsVisible = 0;
			defaultConfigurationName = Release;
		};
		43E7115720578661007C3D15 /* Build configuration list for PBXNativeTarget "testCreatePDFwithViewTests" */ = {
			isa = XCConfigurationList;
			buildConfigurations = (
				43E7115820578661007C3D15 /* Debug */,
				43E7115920578661007C3D15 /* Release */,
			);
			defaultConfigurationIsVisible = 0;
			defaultConfigurationName = Release;
		};
/* End XCConfigurationList section */
	};
	rootObject = 43E7113020578661007C3D15 /* Project object */;
}
